
Microsoft Visual Studio Solution File, Format Version 12.00
# Visual Studio Version 16
VisualStudioVersion = 16.0.28803.452
MinimumVisualStudioVersion = 10.0.40219.1
Project("{FAE04EC0-301F-11D3-BF4B-00C04F79EFBC}") = "JobOffers.Web", "JobOffers.Web\JobOffers.Web.csproj", "{88F814E2-2DD3-4E90-A320-855EC9D3E0AF}"
EndProject
Global
	GlobalSection(SolutionConfigurationPlatforms) = preSolution
		Debug|Any CPU = Debug|Any CPU
		Release|Any CPU = Release|Any CPU
	EndGlobalSection
	GlobalSection(ProjectConfigurationPlatforms) = postSolution
		{88F814E2-2DD3-4E90-A320-855EC9D3E0AF}.Debug|Any CPU.ActiveCfg = Debug|Any CPU
		{88F814E2-2DD3-4E90-A320-855EC9D3E0AF}.Debug|Any CPU.Build.0 = Debug|Any CPU
		{88F814E2-2DD3-4E90-A320-855EC9D3E0AF}.Release|Any CPU.ActiveCfg = Release|Any CPU
		{88F814E2-2DD3-4E90-A320-855EC9D3E0AF}.Release|Any CPU.Build.0 = Release|Any CPU
	EndGlobalSection
	GlobalSection(SolutionProperties) = preSolution
		HideSolutionNode = FALSE
	EndGlobalSection
	GlobalSection(ExtensibilityGlobals) = postSolution
		SolutionGuid = {29CB54B8-3858-42CB-AECF-92029B1FF011}
	EndGlobalSection
EndGlobal
